
Microsoft Visual Studio Solution File, Format Version 12.00
# Visual Studio Version 17
VisualStudioVersion = 17.11.35312.102
MinimumVisualStudioVersion = 10.0.40219.1
Project("{9A19103F-16F7-4668-BE54-9A1E7A4F7556}") = "Udemy.TodoAppNTier.UI", "Udemy.TodoAppNTier\Udemy.TodoAppNTier.UI.csproj", "{DE9BF728-5C5D-4E6B-A0DF-2345F4977706}"
EndProject
Project("{9A19103F-16F7-4668-BE54-9A1E7A4F7556}") = "Udemy.TodoAppNTier.DataAccess", "Udemy.TodoAppNTier.DataAccess\Udemy.TodoAppNTier.DataAccess.csproj", "{38EB691F-4B59-4D33-9DA8-03ED3AAF9FB8}"
EndProject
Project("{9A19103F-16F7-4668-BE54-9A1E7A4F7556}") = "Udemy.TodoAppNTier.Business", "Udemy.TodoAppNTier.Business\Udemy.TodoAppNTier.Business.csproj", "{21466024-2CA0-4308-95DA-D1B68D0B238A}"
EndProject
Project("{9A19103F-16F7-4668-BE54-9A1E7A4F7556}") = "Udemy.TodoAppNTier.Entities", "Udemy.TodoAppNTier.Entities\Udemy.TodoAppNTier.Entities.csproj", "{82D3C056-5549-449B-8688-8167C2A9066D}"
EndProject
Project("{9A19103F-16F7-4668-BE54-9A1E7A4F7556}") = "Udemy.TodoAppNTier.Dtos", "Udemy.TodoAppNTier.Dtos\Udemy.TodoAppNTier.Dtos.csproj", "{E9587F5D-CC41-413D-8F9A-9D1BC64D3DF2}"
EndProject
Project("{FAE04EC0-301F-11D3-BF4B-00C04F79EFBC}") = "Udemy.ToDoNTier.Common", "Udemy.ToDoNTier.Common\Udemy.ToDoNTier.Common.csproj", "{1BE7EFA2-C4A3-4D40-8043-AC81C20D54C7}"
EndProject
Global
	GlobalSection(SolutionConfigurationPlatforms) = preSolution
		Debug|Any CPU = Debug|Any CPU
		Release|Any CPU = Release|Any CPU
	EndGlobalSection
	GlobalSection(ProjectConfigurationPlatforms) = postSolution
		{DE9BF728-5C5D-4E6B-A0DF-2345F4977706}.Debug|Any CPU.ActiveCfg = Debug|Any CPU
		{DE9BF728-5C5D-4E6B-A0DF-2345F4977706}.Debug|Any CPU.Build.0 = Debug|Any CPU
		{DE9BF728-5C5D-4E6B-A0DF-2345F4977706}.Release|Any CPU.ActiveCfg = Release|Any CPU
		{DE9BF728-5C5D-4E6B-A0DF-2345F4977706}.Release|Any CPU.Build.0 = Release|Any CPU
		{38EB691F-4B59-4D33-9DA8-03ED3AAF9FB8}.Debug|Any CPU.ActiveCfg = Debug|Any CPU
		{38EB691F-4B59-4D33-9DA8-03ED3AAF9FB8}.Debug|Any CPU.Build.0 = Debug|Any CPU
		{38EB691F-4B59-4D33-9DA8-03ED3AAF9FB8}.Release|Any CPU.ActiveCfg = Release|Any CPU
		{38EB691F-4B59-4D33-9DA8-03ED3AAF9FB8}.Release|Any CPU.Build.0 = Release|Any CPU
		{21466024-2CA0-4308-95DA-D1B68D0B238A}.Debug|Any CPU.ActiveCfg = Debug|Any CPU
		{21466024-2CA0-4308-95DA-D1B68D0B238A}.Debug|Any CPU.Build.0 = Debug|Any CPU
		{21466024-2CA0-4308-95DA-D1B68D0B238A}.Release|Any CPU.ActiveCfg = Release|Any CPU
		{21466024-2CA0-4308-95DA-D1B68D0B238A}.Release|Any CPU.Build.0 = Release|Any CPU
		{82D3C056-5549-449B-8688-8167C2A9066D}.Debug|Any CPU.ActiveCfg = Debug|Any CPU
		{82D3C056-5549-449B-8688-8167C2A9066D}.Debug|Any CPU.Build.0 = Debug|Any CPU
		{82D3C056-5549-449B-8688-8167C2A9066D}.Release|Any CPU.ActiveCfg = Release|Any CPU
		{82D3C056-5549-449B-8688-8167C2A9066D}.Release|Any CPU.Build.0 = Release|Any CPU
		{E9587F5D-CC41-413D-8F9A-9D1BC64D3DF2}.Debug|Any CPU.ActiveCfg = Debug|Any CPU
		{E9587F5D-CC41-413D-8F9A-9D1BC64D3DF2}.Debug|Any CPU.Build.0 = Debug|Any CPU
		{E9587F5D-CC41-413D-8F9A-9D1BC64D3DF2}.Release|Any CPU.ActiveCfg = Release|Any CPU
		{E9587F5D-CC41-413D-8F9A-9D1BC64D3DF2}.Release|Any CPU.Build.0 = Release|Any CPU
		{1BE7EFA2-C4A3-4D40-8043-AC81C20D54C7}.Debug|Any CPU.ActiveCfg = Debug|Any CPU
		{1BE7EFA2-C4A3-4D40-8043-AC81C20D54C7}.Debug|Any CPU.Build.0 = Debug|Any CPU
		{1BE7EFA2-C4A3-4D40-8043-AC81C20D54C7}.Release|Any CPU.ActiveCfg = Release|Any CPU
		{1BE7EFA2-C4A3-4D40-8043-AC81C20D54C7}.Release|Any CPU.Build.0 = Release|Any CPU
	EndGlobalSection
	GlobalSection(SolutionProperties) = preSolution
		HideSolutionNode = FALSE
	EndGlobalSection
	GlobalSection(ExtensibilityGlobals) = postSolution
		SolutionGuid = {C1FE66FE-12D1-4C61-9C86-4CAE0202EC4E}
	EndGlobalSection
EndGlobal
